// !$*UTF8*$!
{
	archiveVersion = 1;
	classes = {
	};
	objectVersion = 50;
	objects = {

/* Begin PBXBuildFile section */
		5E16F40B2132136C001B40FC /* EventBroker.swift in Sources */ = {isa = PBXBuildFile; fileRef = 5E16F40A2132136C001B40FC /* EventBroker.swift */; };
		5E16F40F213213C0001B40FC /* LocationManagerDelegate.swift in Sources */ = {isa = PBXBuildFile; fileRef = 5E16F40D213213C0001B40FC /* LocationManagerDelegate.swift */; };
		5E16F410213213C0001B40FC /* LocationManager.swift in Sources */ = {isa = PBXBuildFile; fileRef = 5E16F40E213213C0001B40FC /* LocationManager.swift */; };
		5E16F41621321671001B40FC /* MainViewController.swift in Sources */ = {isa = PBXBuildFile; fileRef = 5E16F41521321671001B40FC /* MainViewController.swift */; };
		5E791BCD2132101500D4B479 /* AppDelegate.swift in Sources */ = {isa = PBXBuildFile; fileRef = 5E791BCC2132101500D4B479 /* AppDelegate.swift */; };
		5E791BD22132101500D4B479 /* Main.storyboard in Resources */ = {isa = PBXBuildFile; fileRef = 5E791BD02132101500D4B479 /* Main.storyboard */; };
		5E791BD42132101800D4B479 /* Assets.xcassets in Resources */ = {isa = PBXBuildFile; fileRef = 5E791BD32132101800D4B479 /* Assets.xcassets */; };
		5E791BD72132101800D4B479 /* LaunchScreen.storyboard in Resources */ = {isa = PBXBuildFile; fileRef = 5E791BD52132101800D4B479 /* LaunchScreen.storyboard */; };
/* End PBXBuildFile section */

/* Begin PBXFileReference section */
		5E16F40A2132136C001B40FC /* EventBroker.swift */ = {isa = PBXFileReference; fileEncoding = 4; lastKnownFileType = sourcecode.swift; path = EventBroker.swift; sourceTree = "<group>"; };
		5E16F40D213213C0001B40FC /* LocationManagerDelegate.swift */ = {isa = PBXFileReference; fileEncoding = 4; lastKnownFileType = sourcecode.swift; path = LocationManagerDelegate.swift; sourceTree = "<group>"; };
		5E16F40E213213C0001B40FC /* LocationManager.swift */ = {isa = PBXFileReference; fileEncoding = 4; lastKnownFileType = sourcecode.swift; path = LocationManager.swift; sourceTree = "<group>"; };
		5E16F41521321671001B40FC /* MainViewController.swift */ = {isa = PBXFileReference; lastKnownFileType = sourcecode.swift; path = MainViewController.swift; sourceTree = "<group>"; };
		5E791BC92132101500D4B479 /* LocationPOC.app */ = {isa = PBXFileReference; explicitFileType = wrapper.application; includeInIndex = 0; path = LocationPOC.app; sourceTree = BUILT_PRODUCTS_DIR; };
		5E791BCC2132101500D4B479 /* AppDelegate.swift */ = {isa = PBXFileReference; lastKnownFileType = sourcecode.swift; path = AppDelegate.swift; sourceTree = "<group>"; };
		5E791BD12132101500D4B479 /* Base */ = {isa = PBXFileReference; lastKnownFileType = file.storyboard; name = Base; path = Base.lproj/Main.storyboard; sourceTree = "<group>"; };
		5E791BD32132101800D4B479 /* Assets.xcassets */ = {isa = PBXFileReference; lastKnownFileType = folder.assetcatalog; path = Assets.xcassets; sourceTree = "<group>"; };
		5E791BD62132101800D4B479 /* Base */ = {isa = PBXFileReference; lastKnownFileType = file.storyboard; name = Base; path = Base.lproj/LaunchScreen.storyboard; sourceTree = "<group>"; };
		5E791BD82132101800D4B479 /* Info.plist */ = {isa = PBXFileReference; lastKnownFileType = text.plist.xml; path = Info.plist; sourceTree = "<group>"; };
/* End PBXFileReference section */

/* Begin PBXFrameworksBuildPhase section */
		5E791BC62132101500D4B479 /* Frameworks */ = {
			isa = PBXFrameworksBuildPhase;
			buildActionMask = 2147483647;
			files = (
			);
			runOnlyForDeploymentPostprocessing = 0;
		};
/* End PBXFrameworksBuildPhase section */

/* Begin PBXGroup section */
		5E16F40921321347001B40FC /* EventBroker */ = {
			isa = PBXGroup;
			children = (
				5E16F40A2132136C001B40FC /* EventBroker.swift */,
			);
			path = EventBroker;
			sourceTree = "<group>";
		};
		5E16F40C2132139F001B40FC /* SharedLocationManager */ = {
			isa = PBXGroup;
			children = (
				5E16F40E213213C0001B40FC /* LocationManager.swift */,
				5E16F40D213213C0001B40FC /* LocationManagerDelegate.swift */,
			);
			path = SharedLocationManager;
			sourceTree = "<group>";
		};
		5E16F411213215EA001B40FC /* Controllers */ = {
			isa = PBXGroup;
			children = (
				5E16F41521321671001B40FC /* MainViewController.swift */,
			);
			path = Controllers;
			sourceTree = "<group>";
		};
		5E16F41221321604001B40FC /* Storyboards */ = {
			isa = PBXGroup;
			children = (
				5E791BD02132101500D4B479 /* Main.storyboard */,
			);
			path = Storyboards;
			sourceTree = "<group>";
		};
		5E16F41321321622001B40FC /* SharedAssets */ = {
			isa = PBXGroup;
			children = (
				5E791BD32132101800D4B479 /* Assets.xcassets */,
				5E791BD82132101800D4B479 /* Info.plist */,
			);
			name = SharedAssets;
			sourceTree = "<group>";
		};
		5E16F4142132163A001B40FC /* AppLaunch */ = {
			isa = PBXGroup;
			children = (
				5E791BD52132101800D4B479 /* LaunchScreen.storyboard */,
				5E791BCC2132101500D4B479 /* AppDelegate.swift */,
			);
			path = AppLaunch;
			sourceTree = "<group>";
		};
		5E791BC02132101500D4B479 = {
			isa = PBXGroup;
			children = (
				5E791BCB2132101500D4B479 /* LocationPOC */,
				5E791BCA2132101500D4B479 /* Products */,
			);
			sourceTree = "<group>";
		};
		5E791BCA2132101500D4B479 /* Products */ = {
			isa = PBXGroup;
			children = (
				5E791BC92132101500D4B479 /* LocationPOC.app */,
			);
			name = Products;
			sourceTree = "<group>";
		};
		5E791BCB2132101500D4B479 /* LocationPOC */ = {
			isa = PBXGroup;
			children = (
				5E16F4142132163A001B40FC /* AppLaunch */,
				5E16F41321321622001B40FC /* SharedAssets */,
				5E16F41221321604001B40FC /* Storyboards */,
				5E16F411213215EA001B40FC /* Controllers */,
				5E16F40C2132139F001B40FC /* SharedLocationManager */,
				5E16F40921321347001B40FC /* EventBroker */,
			);
			path = LocationPOC;
			sourceTree = "<group>";
		};
/* End PBXGroup section */

/* Begin PBXNativeTarget section */
		5E791BC82132101500D4B479 /* LocationPOC */ = {
			isa = PBXNativeTarget;
			buildConfigurationList = 5E791BDB2132101800D4B479 /* Build configuration list for PBXNativeTarget "LocationPOC" */;
			buildPhases = (
				5E791BC52132101500D4B479 /* Sources */,
				5E791BC62132101500D4B479 /* Frameworks */,
				5E791BC72132101500D4B479 /* Resources */,
			);
			buildRules = (
			);
			dependencies = (
			);
			name = LocationPOC;
			productName = LocationPOC;
			productReference = 5E791BC92132101500D4B479 /* LocationPOC.app */;
			productType = "com.apple.product-type.application";
		};
/* End PBXNativeTarget section */

/* Begin PBXProject section */
		5E791BC12132101500D4B479 /* Project object */ = {
			isa = PBXProject;
			attributes = {
				LastSwiftUpdateCheck = 0940;
				LastUpgradeCheck = 0940;
				ORGANIZATIONNAME = slickdeals.net;
				TargetAttributes = {
					5E791BC82132101500D4B479 = {
						CreatedOnToolsVersion = 9.4.1;
					};
				};
			};
			buildConfigurationList = 5E791BC42132101500D4B479 /* Build configuration list for PBXProject "LocationPOC" */;
			compatibilityVersion = "Xcode 9.3";
			developmentRegion = en;
			hasScannedForEncodings = 0;
			knownRegions = (
				en,
				Base,
			);
			mainGroup = 5E791BC02132101500D4B479;
			productRefGroup = 5E791BCA2132101500D4B479 /* Products */;
			projectDirPath = "";
			projectRoot = "";
			targets = (
				5E791BC82132101500D4B479 /* LocationPOC */,
			);
		};
/* End PBXProject section */

/* Begin PBXResourcesBuildPhase section */
		5E791BC72132101500D4B479 /* Resources */ = {
			isa = PBXResourcesBuildPhase;
			buildActionMask = 2147483647;
			files = (
				5E791BD72132101800D4B479 /* LaunchScreen.storyboard in Resources */,
				5E791BD42132101800D4B479 /* Assets.xcassets in Resources */,
				5E791BD22132101500D4B479 /* Main.storyboard in Resources */,
			);
			runOnlyForDeploymentPostprocessing = 0;
		};
/* End PBXResourcesBuildPhase section */

/* Begin PBXSourcesBuildPhase section */
		5E791BC52132101500D4B479 /* Sources */ = {
			isa = PBXSourcesBuildPhase;
			buildActionMask = 2147483647;
			files = (
				5E791BCD2132101500D4B479 /* AppDelegate.swift in Sources */,
				5E16F410213213C0001B40FC /* LocationManager.swift in Sources */,
				5E16F41621321671001B40FC /* MainViewController.swift in Sources */,
				5E16F40B2132136C001B40FC /* EventBroker.swift in Sources */,
				5E16F40F213213C0001B40FC /* LocationManagerDelegate.swift in Sources */,
			);
			runOnlyForDeploymentPostprocessing = 0;
		};
/* End PBXSourcesBuildPhase section */

/* Begin PBXVariantGroup section */
		5E791BD02132101500D4B479 /* Main.storyboard */ = {
			isa = PBXVariantGroup;
			children = (
				5E791BD12132101500D4B479 /* Base */,
			);
			name = Main.storyboard;
			sourceTree = "<group>";
		};
		5E791BD52132101800D4B479 /* LaunchScreen.storyboard */ = {
			isa = PBXVariantGroup;
			children = (
				5E791BD62132101800D4B479 /* Base */,
			);
			name = LaunchScreen.storyboard;
			sourceTree = "<group>";
		};
/* End PBXVariantGroup section */

/* Begin XCBuildConfiguration section */
		5E791BD92132101800D4B479 /* Debug */ = {
			isa = XCBuildConfiguration;
			buildSettings = {
				ALWAYS_SEARCH_USER_PATHS = NO;
				CLANG_ANALYZER_NONNULL = YES;
				CLANG_ANALYZER_NUMBER_OBJECT_CONVERSION = YES_AGGRESSIVE;
				CLANG_CXX_LANGUAGE_STANDARD = "gnu++14";
				CLANG_CXX_LIBRARY = "libc++";
				CLANG_ENABLE_MODULES = YES;
				CLANG_ENABLE_OBJC_ARC = YES;
				CLANG_ENABLE_OBJC_WEAK = YES;
				CLANG_WARN_BLOCK_CAPTURE_AUTORELEASING = YES;
				CLANG_WARN_BOOL_CONVERSION = YES;
				CLANG_WARN_COMMA = YES;
				CLANG_WARN_CONSTANT_CONVERSION = YES;
				CLANG_WARN_DEPRECATED_OBJC_IMPLEMENTATIONS = YES;
				CLANG_WARN_DIRECT_OBJC_ISA_USAGE = YES_ERROR;
				CLANG_WARN_DOCUMENTATION_COMMENTS = YES;
				CLANG_WARN_EMPTY_BODY = YES;
				CLANG_WARN_ENUM_CONVERSION = YES;
				CLANG_WARN_INFINITE_RECURSION = YES;
				CLANG_WARN_INT_CONVERSION = YES;
				CLANG_WARN_NON_LITERAL_NULL_CONVERSION = YES;
				CLANG_WARN_OBJC_IMPLICIT_RETAIN_SELF = YES;
				CLANG_WARN_OBJC_LITERAL_CONVERSION = YES;
				CLANG_WARN_OBJC_ROOT_CLASS = YES_ERROR;
				CLANG_WARN_RANGE_LOOP_ANALYSIS = YES;
				CLANG_WARN_STRICT_PROTOTYPES = YES;
				CLANG_WARN_SUSPICIOUS_MOVE = YES;
				CLANG_WARN_UNGUARDED_AVAILABILITY = YES_AGGRESSIVE;
				CLANG_WARN_UNREACHABLE_CODE = YES;
				CLANG_WARN__DUPLICATE_METHOD_MATCH = YES;
				CODE_SIGN_IDENTITY = "iPhone Developer";
				COPY_PHASE_STRIP = NO;
				DEBUG_INFORMATION_FORMAT = dwarf;
				ENABLE_STRICT_OBJC_MSGSEND = YES;
				ENABLE_TESTABILITY = YES;
				GCC_C_LANGUAGE_STANDARD = gnu11;
				GCC_DYNAMIC_NO_PIC = NO;
				GCC_NO_COMMON_BLOCKS = YES;
				GCC_OPTIMIZATION_LEVEL = 0;
				GCC_PREPROCESSOR_DEFINITIONS = (
					"DEBUG=1",
					"$(inherited)",
				);
				GCC_WARN_64_TO_32_BIT_CONVERSION = YES;
				GCC_WARN_ABOUT_RETURN_TYPE = YES_ERROR;
				GCC_WARN_UNDECLARED_SELECTOR = YES;
				GCC_WARN_UNINITIALIZED_AUTOS = YES_AGGRESSIVE;
				GCC_WARN_UNUSED_FUNCTION = YES;
				GCC_WARN_UNUSED_VARIABLE = YES;
				IPHONEOS_DEPLOYMENT_TARGET = 11.4;
				MTL_ENABLE_DEBUG_INFO = YES;
				ONLY_ACTIVE_ARCH = YES;
				SDKROOT = iphoneos;
				SWIFT_ACTIVE_COMPILATION_CONDITIONS = DEBUG;
				SWIFT_OPTIMIZATION_LEVEL = "-Onone";
			};
			name = Debug;
		};
		5E791BDA2132101800D4B479 /* Release */ = {
			isa = XCBuildConfiguration;
			buildSettings = {
				ALWAYS_SEARCH_USER_PATHS = NO;
				CLANG_ANALYZER_NONNULL = YES;
				CLANG_ANALYZER_NUMBER_OBJECT_CONVERSION = YES_AGGRESSIVE;
				CLANG_CXX_LANGUAGE_STANDARD = "gnu++14";
				CLANG_CXX_LIBRARY = "libc++";
				CLANG_ENABLE_MODULES = YES;
				CLANG_ENABLE_OBJC_ARC = YES;
				CLANG_ENABLE_OBJC_WEAK = YES;
				CLANG_WARN_BLOCK_CAPTURE_AUTORELEASING = YES;
				CLANG_WARN_BOOL_CONVERSION = YES;
				CLANG_WARN_COMMA = YES;
				CLANG_WARN_CONSTANT_CONVERSION = YES;
				CLANG_WARN_DEPRECATED_OBJC_IMPLEMENTATIONS = YES;
				CLANG_WARN_DIRECT_OBJC_ISA_USAGE = YES_ERROR;
				CLANG_WARN_DOCUMENTATION_COMMENTS = YES;
				CLANG_WARN_EMPTY_BODY = YES;
				CLANG_WARN_ENUM_CONVERSION = YES;
				CLANG_WARN_INFINITE_RECURSION = YES;
				CLANG_WARN_INT_CONVERSION = YES;
				CLANG_WARN_NON_LITERAL_NULL_CONVERSION = YES;
				CLANG_WARN_OBJC_IMPLICIT_RETAIN_SELF = YES;
				CLANG_WARN_OBJC_LITERAL_CONVERSION = YES;
				CLANG_WARN_OBJC_ROOT_CLASS = YES_ERROR;
				CLANG_WARN_RANGE_LOOP_ANALYSIS = YES;
				CLANG_WARN_STRICT_PROTOTYPES = YES;
				CLANG_WARN_SUSPICIOUS_MOVE = YES;
				CLANG_WARN_UNGUARDED_AVAILABILITY = YES_AGGRESSIVE;
				CLANG_WARN_UNREACHABLE_CODE = YES;
				CLANG_WARN__DUPLICATE_METHOD_MATCH = YES;
				CODE_SIGN_IDENTITY = "iPhone Developer";
				COPY_PHASE_STRIP = NO;
				DEBUG_INFORMATION_FORMAT = "dwarf-with-dsym";
				ENABLE_NS_ASSERTIONS = NO;
				ENABLE_STRICT_OBJC_MSGSEND = YES;
				GCC_C_LANGUAGE_STANDARD = gnu11;
				GCC_NO_COMMON_BLOCKS = YES;
				GCC_WARN_64_TO_32_BIT_CONVERSION = YES;
				GCC_WARN_ABOUT_RETURN_TYPE = YES_ERROR;
				GCC_WARN_UNDECLARED_SELECTOR = YES;
				GCC_WARN_UNINITIALIZED_AUTOS = YES_AGGRESSIVE;
				GCC_WARN_UNUSED_FUNCTION = YES;
				GCC_WARN_UNUSED_VARIABLE = YES;
				IPHONEOS_DEPLOYMENT_TARGET = 11.4;
				MTL_ENABLE_DEBUG_INFO = NO;
				SDKROOT = iphoneos;
				SWIFT_COMPILATION_MODE = wholemodule;
				SWIFT_OPTIMIZATION_LEVEL = "-O";
				VALIDATE_PRODUCT = YES;
			};
			name = Release;
		};
		5E791BDC2132101800D4B479 /* Debug */ = {
			isa = XCBuildConfiguration;
			buildSettings = {
				ASSETCATALOG_COMPILER_APPICON_NAME = AppIcon;
				CODE_SIGN_STYLE = Automatic;
				DEVELOPMENT_TEAM = TWJ263959T;
				INFOPLIST_FILE = LocationPOC/Info.plist;
				LD_RUNPATH_SEARCH_PATHS = (
					"$(inherited)",
					"@executable_path/Frameworks",
				);
				PRODUCT_BUNDLE_IDENTIFIER = slickdeals.net.LocationPOC;
				PRODUCT_NAME = "$(TARGET_NAME)";
				SWIFT_VERSION = 4.0;
				TARGETED_DEVICE_FAMILY = "1,2";
			};
			name = Debug;
		};
		5E791BDD2132101800D4B479 /* Release */ = {
			isa = XCBuildConfiguration;
			buildSettings = {
				ASSETCATALOG_COMPILER_APPICON_NAME = AppIcon;
				CODE_SIGN_STYLE = Automatic;
				DEVELOPMENT_TEAM = TWJ263959T;
				INFOPLIST_FILE = LocationPOC/Info.plist;
				LD_RUNPATH_SEARCH_PATHS = (
					"$(inherited)",
					"@executable_path/Frameworks",
				);
				PRODUCT_BUNDLE_IDENTIFIER = slickdeals.net.LocationPOC;
				PRODUCT_NAME = "$(TARGET_NAME)";
				SWIFT_VERSION = 4.0;
				TARGETED_DEVICE_FAMILY = "1,2";
			};
			name = Release;
		};
/* End XCBuildConfiguration section */

/* Begin XCConfigurationList section */
		5E791BC42132101500D4B479 /* Build configuration list for PBXProject "LocationPOC" */ = {
			isa = XCConfigurationList;
			buildConfigurations = (
				5E791BD92132101800D4B479 /* Debug */,
				5E791BDA2132101800D4B479 /* Release */,
			);
			defaultConfigurationIsVisible = 0;
			defaultConfigurationName = Release;
		};
		5E791BDB2132101800D4B479 /* Build configuration list for PBXNativeTarget "LocationPOC" */ = {
			isa = XCConfigurationList;
			buildConfigurations = (
				5E791BDC2132101800D4B479 /* Debug */,
				5E791BDD2132101800D4B479 /* Release */,
			);
			defaultConfigurationIsVisible = 0;
			defaultConfigurationName = Release;
		};
/* End XCConfigurationList section */
	};
	rootObject = 5E791BC12132101500D4B479 /* Project object */;
}
